{
  "nodes": {
    "brilliant-cv": {
      "flake": false,
      "locked": {
        "lastModified": 1758720910,
        "narHash": "sha256-UAqDUtb/KPtZhML6XT36ChJbvK/YNcUYkhu3/deYp0o=",
        "owner": "yunanwg",
        "repo": "brilliant-cv",
        "rev": "d59054b8bd086176d55266243c8820009a6604e5",
        "type": "github"
      },
      "original": {
        "owner": "yunanwg",
        "ref": "v2.0.7",
        "repo": "brilliant-cv",
        "type": "github"
      }
    },
    "nixpkgs": {
      "locked": {
        "lastModified": 1760878510,
        "narHash": "sha256-K5Osef2qexezUfs0alLvZ7nQFTGS9DL2oTVsIXsqLgs=",
        "owner": "NixOS",
        "repo": "nixpkgs",
        "rev": "5e2a59a5b1a82f89f2c7e598302a9cacebb72a67",
        "type": "github"
      },
      "original": {
        "owner": "NixOS",
        "ref": "nixos-unstable",
        "repo": "nixpkgs",
        "type": "github"
      }
    },
    "root": {
      "inputs": {
        "brilliant-cv": "brilliant-cv",
        "nixpkgs": "nixpkgs",
        "typst-fontawesome": "typst-fontawesome"
      }
    },
    "typst-fontawesome": {
      "flake": false,
      "locked": {
        "lastModified": 1753672079,
        "narHash": "sha256-LjF+dcbL9zu+1MnfFSBaJZRdy9PxdllANdC2CQmaS3A=",
        "owner": "duskmoon314",
        "repo": "typst-fontawesome",
        "rev": "fee2b7bde0e0f56a19a531fdfdd410cdf248936f",
        "type": "github"
      },
      "original": {
        "owner": "duskmoon314",
        "ref": "v0.6.0",
        "repo": "typst-fontawesome",
        "type": "github"
      }
    }
  },
  "root": "root",
  "version": 7
}
