# This file is automatically @generated by tinymist.
# It is not intended for manual editing.
version = "0.1.0-beta0"

[[document]]
font-paths = ["file:../../../../nix/store/nv2kn9lsz425vsbkd62hfbzjpk0c0ip8-source-sans-3.052", "file:../../../../nix/store/pjgp17j0gkwyq0j0j357sliibdl3vlj8-source-sans-pro-3.006", "file:../../../../nix/store/1sd8j39af0sfl923k7kfl85xrnl9fwfz-roboto-3.012", "file:../../../../nix/store/icvhrzwhgbbay7j6agwfkgi6b00sgm1w-font-awesome-7.0.1"]
id = "file:cv.typ"
inputs = []
main = "file:cv.typ"
root = "file:."
system-fonts = true

[[route]]
id = "file:cv.typ"
priority = 256

[[task]]
document = "file:cv.typ"
id = "file:cv.typ"
type = "export-pdf"
when = "never"
